// !$*UTF8*$!
{
	archiveVersion = 1;
	classes = {
	};
	objectVersion = 60;
	objects = {

/* Begin PBXBuildFile section */
		031C95512AD1F4C70047EE7A /* SampleViewModel.swift in Sources */ = {isa = PBXBuildFile; fileRef = 031C95502AD1F4C70047EE7A /* SampleViewModel.swift */; };
		031C95532AD203010047EE7A /* LoginConnector.swift in Sources */ = {isa = PBXBuildFile; fileRef = 031C95522AD203010047EE7A /* LoginConnector.swift */; };
		031C95552AD2030F0047EE7A /* User.swift in Sources */ = {isa = PBXBuildFile; fileRef = 031C95542AD2030F0047EE7A /* User.swift */; };
		031C95582AD205640047EE7A /* Connector in Frameworks */ = {isa = PBXBuildFile; productRef = 031C95572AD205640047EE7A /* Connector */; };
		03359F682AD1AB1A00BE8F06 /* SampleApp.swift in Sources */ = {isa = PBXBuildFile; fileRef = 03359F672AD1AB1A00BE8F06 /* SampleApp.swift */; };
		03359F6A2AD1AB1A00BE8F06 /* ContentView.swift in Sources */ = {isa = PBXBuildFile; fileRef = 03359F692AD1AB1A00BE8F06 /* ContentView.swift */; };
		03359F6C2AD1AB1C00BE8F06 /* Assets.xcassets in Resources */ = {isa = PBXBuildFile; fileRef = 03359F6B2AD1AB1C00BE8F06 /* Assets.xcassets */; };
		03359F6F2AD1AB1C00BE8F06 /* Preview Assets.xcassets in Resources */ = {isa = PBXBuildFile; fileRef = 03359F6E2AD1AB1C00BE8F06 /* Preview Assets.xcassets */; };
		03359F792AD1AB1D00BE8F06 /* SampleTests.swift in Sources */ = {isa = PBXBuildFile; fileRef = 03359F782AD1AB1D00BE8F06 /* SampleTests.swift */; };
		03359F832AD1AB1D00BE8F06 /* SampleUITests.swift in Sources */ = {isa = PBXBuildFile; fileRef = 03359F822AD1AB1D00BE8F06 /* SampleUITests.swift */; };
		03359F852AD1AB1D00BE8F06 /* SampleUITestsLaunchTests.swift in Sources */ = {isa = PBXBuildFile; fileRef = 03359F842AD1AB1D00BE8F06 /* SampleUITestsLaunchTests.swift */; };
		0370D5FA2AD20681009A77AB /* Connector in Frameworks */ = {isa = PBXBuildFile; productRef = 0370D5F92AD20681009A77AB /* Connector */; };
		0370D5FD2AD36408009A77AB /* Connector in Frameworks */ = {isa = PBXBuildFile; productRef = 0370D5FC2AD36408009A77AB /* Connector */; };
/* End PBXBuildFile section */

/* Begin PBXContainerItemProxy section */
		03359F752AD1AB1D00BE8F06 /* PBXContainerItemProxy */ = {
			isa = PBXContainerItemProxy;
			containerPortal = 03359F5C2AD1AB1A00BE8F06 /* Project object */;
			proxyType = 1;
			remoteGlobalIDString = 03359F632AD1AB1A00BE8F06;
			remoteInfo = Sample;
		};
		03359F7F2AD1AB1D00BE8F06 /* PBXContainerItemProxy */ = {
			isa = PBXContainerItemProxy;
			containerPortal = 03359F5C2AD1AB1A00BE8F06 /* Project object */;
			proxyType = 1;
			remoteGlobalIDString = 03359F632AD1AB1A00BE8F06;
			remoteInfo = Sample;
		};
/* End PBXContainerItemProxy section */

/* Begin PBXFileReference section */
		031C95502AD1F4C70047EE7A /* SampleViewModel.swift */ = {isa = PBXFileReference; lastKnownFileType = sourcecode.swift; path = SampleViewModel.swift; sourceTree = "<group>"; };
		031C95522AD203010047EE7A /* LoginConnector.swift */ = {isa = PBXFileReference; lastKnownFileType = sourcecode.swift; path = LoginConnector.swift; sourceTree = "<group>"; };
		031C95542AD2030F0047EE7A /* User.swift */ = {isa = PBXFileReference; lastKnownFileType = sourcecode.swift; path = User.swift; sourceTree = "<group>"; };
		03359F642AD1AB1A00BE8F06 /* Sample.app */ = {isa = PBXFileReference; explicitFileType = wrapper.application; includeInIndex = 0; path = Sample.app; sourceTree = BUILT_PRODUCTS_DIR; };
		03359F672AD1AB1A00BE8F06 /* SampleApp.swift */ = {isa = PBXFileReference; lastKnownFileType = sourcecode.swift; path = SampleApp.swift; sourceTree = "<group>"; };
		03359F692AD1AB1A00BE8F06 /* ContentView.swift */ = {isa = PBXFileReference; lastKnownFileType = sourcecode.swift; path = ContentView.swift; sourceTree = "<group>"; };
		03359F6B2AD1AB1C00BE8F06 /* Assets.xcassets */ = {isa = PBXFileReference; lastKnownFileType = folder.assetcatalog; path = Assets.xcassets; sourceTree = "<group>"; };
		03359F6E2AD1AB1C00BE8F06 /* Preview Assets.xcassets */ = {isa = PBXFileReference; lastKnownFileType = folder.assetcatalog; path = "Preview Assets.xcassets"; sourceTree = "<group>"; };
		03359F742AD1AB1D00BE8F06 /* SampleTests.xctest */ = {isa = PBXFileReference; explicitFileType = wrapper.cfbundle; includeInIndex = 0; path = SampleTests.xctest; sourceTree = BUILT_PRODUCTS_DIR; };
		03359F782AD1AB1D00BE8F06 /* SampleTests.swift */ = {isa = PBXFileReference; lastKnownFileType = sourcecode.swift; path = SampleTests.swift; sourceTree = "<group>"; };
		03359F7E2AD1AB1D00BE8F06 /* SampleUITests.xctest */ = {isa = PBXFileReference; explicitFileType = wrapper.cfbundle; includeInIndex = 0; path = SampleUITests.xctest; sourceTree = BUILT_PRODUCTS_DIR; };
		03359F822AD1AB1D00BE8F06 /* SampleUITests.swift */ = {isa = PBXFileReference; lastKnownFileType = sourcecode.swift; path = SampleUITests.swift; sourceTree = "<group>"; };
		03359F842AD1AB1D00BE8F06 /* SampleUITestsLaunchTests.swift */ = {isa = PBXFileReference; lastKnownFileType = sourcecode.swift; path = SampleUITestsLaunchTests.swift; sourceTree = "<group>"; };
/* End PBXFileReference section */

/* Begin PBXFrameworksBuildPhase section */
		03359F612AD1AB1A00BE8F06 /* Frameworks */ = {
			isa = PBXFrameworksBuildPhase;
			buildActionMask = 2147483647;
			files = (
				0370D5FA2AD20681009A77AB /* Connector in Frameworks */,
				0370D5FD2AD36408009A77AB /* Connector in Frameworks */,
				031C95582AD205640047EE7A /* Connector in Frameworks */,
			);
			runOnlyForDeploymentPostprocessing = 0;
		};
		03359F712AD1AB1D00BE8F06 /* Frameworks */ = {
			isa = PBXFrameworksBuildPhase;
			buildActionMask = 2147483647;
			files = (
			);
			runOnlyForDeploymentPostprocessing = 0;
		};
		03359F7B2AD1AB1D00BE8F06 /* Frameworks */ = {
			isa = PBXFrameworksBuildPhase;
			buildActionMask = 2147483647;
			files = (
			);
			runOnlyForDeploymentPostprocessing = 0;
		};
/* End PBXFrameworksBuildPhase section */

/* Begin PBXGroup section */
		031C954F2AD1F4BB0047EE7A /* ViewModel */ = {
			isa = PBXGroup;
			children = (
				031C95522AD203010047EE7A /* LoginConnector.swift */,
				031C95502AD1F4C70047EE7A /* SampleViewModel.swift */,
				031C95542AD2030F0047EE7A /* User.swift */,
			);
			path = ViewModel;
			sourceTree = "<group>";
		};
		03359F5B2AD1AB1A00BE8F06 = {
			isa = PBXGroup;
			children = (
				03359F662AD1AB1A00BE8F06 /* Sample */,
				03359F772AD1AB1D00BE8F06 /* SampleTests */,
				03359F812AD1AB1D00BE8F06 /* SampleUITests */,
				03359F652AD1AB1A00BE8F06 /* Products */,
			);
			sourceTree = "<group>";
		};
		03359F652AD1AB1A00BE8F06 /* Products */ = {
			isa = PBXGroup;
			children = (
				03359F642AD1AB1A00BE8F06 /* Sample.app */,
				03359F742AD1AB1D00BE8F06 /* SampleTests.xctest */,
				03359F7E2AD1AB1D00BE8F06 /* SampleUITests.xctest */,
			);
			name = Products;
			sourceTree = "<group>";
		};
		03359F662AD1AB1A00BE8F06 /* Sample */ = {
			isa = PBXGroup;
			children = (
				031C954F2AD1F4BB0047EE7A /* ViewModel */,
				03359F672AD1AB1A00BE8F06 /* SampleApp.swift */,
				03359F692AD1AB1A00BE8F06 /* ContentView.swift */,
				03359F6B2AD1AB1C00BE8F06 /* Assets.xcassets */,
				03359F6D2AD1AB1C00BE8F06 /* Preview Content */,
			);
			path = Sample;
			sourceTree = "<group>";
		};
		03359F6D2AD1AB1C00BE8F06 /* Preview Content */ = {
			isa = PBXGroup;
			children = (
				03359F6E2AD1AB1C00BE8F06 /* Preview Assets.xcassets */,
			);
			path = "Preview Content";
			sourceTree = "<group>";
		};
		03359F772AD1AB1D00BE8F06 /* SampleTests */ = {
			isa = PBXGroup;
			children = (
				03359F782AD1AB1D00BE8F06 /* SampleTests.swift */,
			);
			path = SampleTests;
			sourceTree = "<group>";
		};
		03359F812AD1AB1D00BE8F06 /* SampleUITests */ = {
			isa = PBXGroup;
			children = (
				03359F822AD1AB1D00BE8F06 /* SampleUITests.swift */,
				03359F842AD1AB1D00BE8F06 /* SampleUITestsLaunchTests.swift */,
			);
			path = SampleUITests;
			sourceTree = "<group>";
		};
/* End PBXGroup section */

/* Begin PBXNativeTarget section */
		03359F632AD1AB1A00BE8F06 /* Sample */ = {
			isa = PBXNativeTarget;
			buildConfigurationList = 03359F882AD1AB1D00BE8F06 /* Build configuration list for PBXNativeTarget "Sample" */;
			buildPhases = (
				03359F602AD1AB1A00BE8F06 /* Sources */,
				03359F612AD1AB1A00BE8F06 /* Frameworks */,
				03359F622AD1AB1A00BE8F06 /* Resources */,
			);
			buildRules = (
			);
			dependencies = (
			);
			name = Sample;
			packageProductDependencies = (
				031C95572AD205640047EE7A /* Connector */,
				0370D5F92AD20681009A77AB /* Connector */,
				0370D5FC2AD36408009A77AB /* Connector */,
			);
			productName = Sample;
			productReference = 03359F642AD1AB1A00BE8F06 /* Sample.app */;
			productType = "com.apple.product-type.application";
		};
		03359F732AD1AB1D00BE8F06 /* SampleTests */ = {
			isa = PBXNativeTarget;
			buildConfigurationList = 03359F8B2AD1AB1D00BE8F06 /* Build configuration list for PBXNativeTarget "SampleTests" */;
			buildPhases = (
				03359F702AD1AB1D00BE8F06 /* Sources */,
				03359F712AD1AB1D00BE8F06 /* Frameworks */,
				03359F722AD1AB1D00BE8F06 /* Resources */,
			);
			buildRules = (
			);
			dependencies = (
				03359F762AD1AB1D00BE8F06 /* PBXTargetDependency */,
			);
			name = SampleTests;
			productName = SampleTests;
			productReference = 03359F742AD1AB1D00BE8F06 /* SampleTests.xctest */;
			productType = "com.apple.product-type.bundle.unit-test";
		};
		03359F7D2AD1AB1D00BE8F06 /* SampleUITests */ = {
			isa = PBXNativeTarget;
			buildConfigurationList = 03359F8E2AD1AB1D00BE8F06 /* Build configuration list for PBXNativeTarget "SampleUITests" */;
			buildPhases = (
				03359F7A2AD1AB1D00BE8F06 /* Sources */,
				03359F7B2AD1AB1D00BE8F06 /* Frameworks */,
				03359F7C2AD1AB1D00BE8F06 /* Resources */,
			);
			buildRules = (
			);
			dependencies = (
				03359F802AD1AB1D00BE8F06 /* PBXTargetDependency */,
			);
			name = SampleUITests;
			productName = SampleUITests;
			productReference = 03359F7E2AD1AB1D00BE8F06 /* SampleUITests.xctest */;
			productType = "com.apple.product-type.bundle.ui-testing";
		};
/* End PBXNativeTarget section */

/* Begin PBXProject section */
		03359F5C2AD1AB1A00BE8F06 /* Project object */ = {
			isa = PBXProject;
			attributes = {
				BuildIndependentTargetsInParallel = 1;
				LastSwiftUpdateCheck = 1500;
				LastUpgradeCheck = 1500;
				TargetAttributes = {
					03359F632AD1AB1A00BE8F06 = {
						CreatedOnToolsVersion = 15.0;
					};
					03359F732AD1AB1D00BE8F06 = {
						CreatedOnToolsVersion = 15.0;
						TestTargetID = 03359F632AD1AB1A00BE8F06;
					};
					03359F7D2AD1AB1D00BE8F06 = {
						CreatedOnToolsVersion = 15.0;
						TestTargetID = 03359F632AD1AB1A00BE8F06;
					};
				};
			};
			buildConfigurationList = 03359F5F2AD1AB1A00BE8F06 /* Build configuration list for PBXProject "Sample" */;
			compatibilityVersion = "Xcode 14.0";
			developmentRegion = en;
			hasScannedForEncodings = 0;
			knownRegions = (
				en,
				Base,
			);
			mainGroup = 03359F5B2AD1AB1A00BE8F06;
			packageReferences = (
				0370D5FB2AD36408009A77AB /* XCLocalSwiftPackageReference ".." */,
			);
			productRefGroup = 03359F652AD1AB1A00BE8F06 /* Products */;
			projectDirPath = "";
			projectRoot = "";
			targets = (
				03359F632AD1AB1A00BE8F06 /* Sample */,
				03359F732AD1AB1D00BE8F06 /* SampleTests */,
				03359F7D2AD1AB1D00BE8F06 /* SampleUITests */,
			);
		};
/* End PBXProject section */

/* Begin PBXResourcesBuildPhase section */
		03359F622AD1AB1A00BE8F06 /* Resources */ = {
			isa = PBXResourcesBuildPhase;
			buildActionMask = 2147483647;
			files = (
				03359F6F2AD1AB1C00BE8F06 /* Preview Assets.xcassets in Resources */,
				03359F6C2AD1AB1C00BE8F06 /* Assets.xcassets in Resources */,
			);
			runOnlyForDeploymentPostprocessing = 0;
		};
		03359F722AD1AB1D00BE8F06 /* Resources */ = {
			isa = PBXResourcesBuildPhase;
			buildActionMask = 2147483647;
			files = (
			);
			runOnlyForDeploymentPostprocessing = 0;
		};
		03359F7C2AD1AB1D00BE8F06 /* Resources */ = {
			isa = PBXResourcesBuildPhase;
			buildActionMask = 2147483647;
			files = (
			);
			runOnlyForDeploymentPostprocessing = 0;
		};
/* End PBXResourcesBuildPhase section */

/* Begin PBXSourcesBuildPhase section */
		03359F602AD1AB1A00BE8F06 /* Sources */ = {
			isa = PBXSourcesBuildPhase;
			buildActionMask = 2147483647;
			files = (
				031C95512AD1F4C70047EE7A /* SampleViewModel.swift in Sources */,
				03359F6A2AD1AB1A00BE8F06 /* ContentView.swift in Sources */,
				03359F682AD1AB1A00BE8F06 /* SampleApp.swift in Sources */,
				031C95552AD2030F0047EE7A /* User.swift in Sources */,
				031C95532AD203010047EE7A /* LoginConnector.swift in Sources */,
			);
			runOnlyForDeploymentPostprocessing = 0;
		};
		03359F702AD1AB1D00BE8F06 /* Sources */ = {
			isa = PBXSourcesBuildPhase;
			buildActionMask = 2147483647;
			files = (
				03359F792AD1AB1D00BE8F06 /* SampleTests.swift in Sources */,
			);
			runOnlyForDeploymentPostprocessing = 0;
		};
		03359F7A2AD1AB1D00BE8F06 /* Sources */ = {
			isa = PBXSourcesBuildPhase;
			buildActionMask = 2147483647;
			files = (
				03359F852AD1AB1D00BE8F06 /* SampleUITestsLaunchTests.swift in Sources */,
				03359F832AD1AB1D00BE8F06 /* SampleUITests.swift in Sources */,
			);
			runOnlyForDeploymentPostprocessing = 0;
		};
/* End PBXSourcesBuildPhase section */

/* Begin PBXTargetDependency section */
		03359F762AD1AB1D00BE8F06 /* PBXTargetDependency */ = {
			isa = PBXTargetDependency;
			target = 03359F632AD1AB1A00BE8F06 /* Sample */;
			targetProxy = 03359F752AD1AB1D00BE8F06 /* PBXContainerItemProxy */;
		};
		03359F802AD1AB1D00BE8F06 /* PBXTargetDependency */ = {
			isa = PBXTargetDependency;
			target = 03359F632AD1AB1A00BE8F06 /* Sample */;
			targetProxy = 03359F7F2AD1AB1D00BE8F06 /* PBXContainerItemProxy */;
		};
/* End PBXTargetDependency section */

/* Begin XCBuildConfiguration section */
		03359F862AD1AB1D00BE8F06 /* Debug */ = {
			isa = XCBuildConfiguration;
			buildSettings = {
				ALWAYS_SEARCH_USER_PATHS = NO;
				ASSETCATALOG_COMPILER_GENERATE_SWIFT_ASSET_SYMBOL_EXTENSIONS = YES;
				CLANG_ANALYZER_NONNULL = YES;
				CLANG_ANALYZER_NUMBER_OBJECT_CONVERSION = YES_AGGRESSIVE;
				CLANG_CXX_LANGUAGE_STANDARD = "gnu++20";
				CLANG_ENABLE_MODULES = YES;
				CLANG_ENABLE_OBJC_ARC = YES;
				CLANG_ENABLE_OBJC_WEAK = YES;
				CLANG_WARN_BLOCK_CAPTURE_AUTORELEASING = YES;
				CLANG_WARN_BOOL_CONVERSION = YES;
				CLANG_WARN_COMMA = YES;
				CLANG_WARN_CONSTANT_CONVERSION = YES;
				CLANG_WARN_DEPRECATED_OBJC_IMPLEMENTATIONS = YES;
				CLANG_WARN_DIRECT_OBJC_ISA_USAGE = YES_ERROR;
				CLANG_WARN_DOCUMENTATION_COMMENTS = YES;
				CLANG_WARN_EMPTY_BODY = YES;
				CLANG_WARN_ENUM_CONVERSION = YES;
				CLANG_WARN_INFINITE_RECURSION = YES;
				CLANG_WARN_INT_CONVERSION = YES;
				CLANG_WARN_NON_LITERAL_NULL_CONVERSION = YES;
				CLANG_WARN_OBJC_IMPLICIT_RETAIN_SELF = YES;
				CLANG_WARN_OBJC_LITERAL_CONVERSION = YES;
				CLANG_WARN_OBJC_ROOT_CLASS = YES_ERROR;
				CLANG_WARN_QUOTED_INCLUDE_IN_FRAMEWORK_HEADER = YES;
				CLANG_WARN_RANGE_LOOP_ANALYSIS = YES;
				CLANG_WARN_STRICT_PROTOTYPES = YES;
				CLANG_WARN_SUSPICIOUS_MOVE = YES;
				CLANG_WARN_UNGUARDED_AVAILABILITY = YES_AGGRESSIVE;
				CLANG_WARN_UNREACHABLE_CODE = YES;
				CLANG_WARN__DUPLICATE_METHOD_MATCH = YES;
				COPY_PHASE_STRIP = NO;
				DEBUG_INFORMATION_FORMAT = dwarf;
				ENABLE_STRICT_OBJC_MSGSEND = YES;
				ENABLE_TESTABILITY = YES;
				ENABLE_USER_SCRIPT_SANDBOXING = YES;
				GCC_C_LANGUAGE_STANDARD = gnu17;
				GCC_DYNAMIC_NO_PIC = NO;
				GCC_NO_COMMON_BLOCKS = YES;
				GCC_OPTIMIZATION_LEVEL = 0;
				GCC_PREPROCESSOR_DEFINITIONS = (
					"DEBUG=1",
					"$(inherited)",
				);
				GCC_WARN_64_TO_32_BIT_CONVERSION = YES;
				GCC_WARN_ABOUT_RETURN_TYPE = YES_ERROR;
				GCC_WARN_UNDECLARED_SELECTOR = YES;
				GCC_WARN_UNINITIALIZED_AUTOS = YES_AGGRESSIVE;
				GCC_WARN_UNUSED_FUNCTION = YES;
				GCC_WARN_UNUSED_VARIABLE = YES;
				IPHONEOS_DEPLOYMENT_TARGET = 17.0;
				LOCALIZATION_PREFERS_STRING_CATALOGS = YES;
				MTL_ENABLE_DEBUG_INFO = INCLUDE_SOURCE;
				MTL_FAST_MATH = YES;
				ONLY_ACTIVE_ARCH = YES;
				SDKROOT = iphoneos;
				SWIFT_ACTIVE_COMPILATION_CONDITIONS = "DEBUG $(inherited)";
				SWIFT_OPTIMIZATION_LEVEL = "-Onone";
			};
			name = Debug;
		};
		03359F872AD1AB1D00BE8F06 /* Release */ = {
			isa = XCBuildConfiguration;
			buildSettings = {
				ALWAYS_SEARCH_USER_PATHS = NO;
				ASSETCATALOG_COMPILER_GENERATE_SWIFT_ASSET_SYMBOL_EXTENSIONS = YES;
				CLANG_ANALYZER_NONNULL = YES;
				CLANG_ANALYZER_NUMBER_OBJECT_CONVERSION = YES_AGGRESSIVE;
				CLANG_CXX_LANGUAGE_STANDARD = "gnu++20";
				CLANG_ENABLE_MODULES = YES;
				CLANG_ENABLE_OBJC_ARC = YES;
				CLANG_ENABLE_OBJC_WEAK = YES;
				CLANG_WARN_BLOCK_CAPTURE_AUTORELEASING = YES;
				CLANG_WARN_BOOL_CONVERSION = YES;
				CLANG_WARN_COMMA = YES;
				CLANG_WARN_CONSTANT_CONVERSION = YES;
				CLANG_WARN_DEPRECATED_OBJC_IMPLEMENTATIONS = YES;
				CLANG_WARN_DIRECT_OBJC_ISA_USAGE = YES_ERROR;
				CLANG_WARN_DOCUMENTATION_COMMENTS = YES;
				CLANG_WARN_EMPTY_BODY = YES;
				CLANG_WARN_ENUM_CONVERSION = YES;
				CLANG_WARN_INFINITE_RECURSION = YES;
				CLANG_WARN_INT_CONVERSION = YES;
				CLANG_WARN_NON_LITERAL_NULL_CONVERSION = YES;
				CLANG_WARN_OBJC_IMPLICIT_RETAIN_SELF = YES;
				CLANG_WARN_OBJC_LITERAL_CONVERSION = YES;
				CLANG_WARN_OBJC_ROOT_CLASS = YES_ERROR;
				CLANG_WARN_QUOTED_INCLUDE_IN_FRAMEWORK_HEADER = YES;
				CLANG_WARN_RANGE_LOOP_ANALYSIS = YES;
				CLANG_WARN_STRICT_PROTOTYPES = YES;
				CLANG_WARN_SUSPICIOUS_MOVE = YES;
				CLANG_WARN_UNGUARDED_AVAILABILITY = YES_AGGRESSIVE;
				CLANG_WARN_UNREACHABLE_CODE = YES;
				CLANG_WARN__DUPLICATE_METHOD_MATCH = YES;
				COPY_PHASE_STRIP = NO;
				DEBUG_INFORMATION_FORMAT = "dwarf-with-dsym";
				ENABLE_NS_ASSERTIONS = NO;
				ENABLE_STRICT_OBJC_MSGSEND = YES;
				ENABLE_USER_SCRIPT_SANDBOXING = YES;
				GCC_C_LANGUAGE_STANDARD = gnu17;
				GCC_NO_COMMON_BLOCKS = YES;
				GCC_WARN_64_TO_32_BIT_CONVERSION = YES;
				GCC_WARN_ABOUT_RETURN_TYPE = YES_ERROR;
				GCC_WARN_UNDECLARED_SELECTOR = YES;
				GCC_WARN_UNINITIALIZED_AUTOS = YES_AGGRESSIVE;
				GCC_WARN_UNUSED_FUNCTION = YES;
				GCC_WARN_UNUSED_VARIABLE = YES;
				IPHONEOS_DEPLOYMENT_TARGET = 17.0;
				LOCALIZATION_PREFERS_STRING_CATALOGS = YES;
				MTL_ENABLE_DEBUG_INFO = NO;
				MTL_FAST_MATH = YES;
				SDKROOT = iphoneos;
				SWIFT_COMPILATION_MODE = wholemodule;
				VALIDATE_PRODUCT = YES;
			};
			name = Release;
		};
		03359F892AD1AB1D00BE8F06 /* Debug */ = {
			isa = XCBuildConfiguration;
			buildSettings = {
				ASSETCATALOG_COMPILER_APPICON_NAME = AppIcon;
				ASSETCATALOG_COMPILER_GLOBAL_ACCENT_COLOR_NAME = AccentColor;
				CODE_SIGN_STYLE = Automatic;
				CURRENT_PROJECT_VERSION = 1;
				DEVELOPMENT_ASSET_PATHS = "\"Sample/Preview Content\"";
				DEVELOPMENT_TEAM = PLZLTHBVZP;
				ENABLE_PREVIEWS = YES;
				GENERATE_INFOPLIST_FILE = YES;
				INFOPLIST_KEY_UIApplicationSceneManifest_Generation = YES;
				INFOPLIST_KEY_UIApplicationSupportsIndirectInputEvents = YES;
				INFOPLIST_KEY_UILaunchScreen_Generation = YES;
				INFOPLIST_KEY_UISupportedInterfaceOrientations_iPad = "UIInterfaceOrientationPortrait UIInterfaceOrientationPortraitUpsideDown UIInterfaceOrientationLandscapeLeft UIInterfaceOrientationLandscapeRight";
				INFOPLIST_KEY_UISupportedInterfaceOrientations_iPhone = "UIInterfaceOrientationPortrait UIInterfaceOrientationLandscapeLeft UIInterfaceOrientationLandscapeRight";
				LD_RUNPATH_SEARCH_PATHS = (
					"$(inherited)",
					"@executable_path/Frameworks",
				);
				MARKETING_VERSION = 1.0;
				PRODUCT_BUNDLE_IDENTIFIER = com.nmiyasato.Connector.Sample;
				PRODUCT_NAME = "$(TARGET_NAME)";
				SWIFT_EMIT_LOC_STRINGS = YES;
				SWIFT_VERSION = 5.0;
				TARGETED_DEVICE_FAMILY = "1,2";
			};
			name = Debug;
		};
		03359F8A2AD1AB1D00BE8F06 /* Release */ = {
			isa = XCBuildConfiguration;
			buildSettings = {
				ASSETCATALOG_COMPILER_APPICON_NAME = AppIcon;
				ASSETCATALOG_COMPILER_GLOBAL_ACCENT_COLOR_NAME = AccentColor;
				CODE_SIGN_STYLE = Automatic;
				CURRENT_PROJECT_VERSION = 1;
				DEVELOPMENT_ASSET_PATHS = "\"Sample/Preview Content\"";
				DEVELOPMENT_TEAM = PLZLTHBVZP;
				ENABLE_PREVIEWS = YES;
				GENERATE_INFOPLIST_FILE = YES;
				INFOPLIST_KEY_UIApplicationSceneManifest_Generation = YES;
				INFOPLIST_KEY_UIApplicationSupportsIndirectInputEvents = YES;
				INFOPLIST_KEY_UILaunchScreen_Generation = YES;
				INFOPLIST_KEY_UISupportedInterfaceOrientations_iPad = "UIInterfaceOrientationPortrait UIInterfaceOrientationPortraitUpsideDown UIInterfaceOrientationLandscapeLeft UIInterfaceOrientationLandscapeRight";
				INFOPLIST_KEY_UISupportedInterfaceOrientations_iPhone = "UIInterfaceOrientationPortrait UIInterfaceOrientationLandscapeLeft UIInterfaceOrientationLandscapeRight";
				LD_RUNPATH_SEARCH_PATHS = (
					"$(inherited)",
					"@executable_path/Frameworks",
				);
				MARKETING_VERSION = 1.0;
				PRODUCT_BUNDLE_IDENTIFIER = com.nmiyasato.Connector.Sample;
				PRODUCT_NAME = "$(TARGET_NAME)";
				SWIFT_EMIT_LOC_STRINGS = YES;
				SWIFT_VERSION = 5.0;
				TARGETED_DEVICE_FAMILY = "1,2";
			};
			name = Release;
		};
		03359F8C2AD1AB1D00BE8F06 /* Debug */ = {
			isa = XCBuildConfiguration;
			buildSettings = {
				ALWAYS_EMBED_SWIFT_STANDARD_LIBRARIES = YES;
				BUNDLE_LOADER = "$(TEST_HOST)";
				CODE_SIGN_STYLE = Automatic;
				CURRENT_PROJECT_VERSION = 1;
				DEVELOPMENT_TEAM = PLZLTHBVZP;
				GENERATE_INFOPLIST_FILE = YES;
				IPHONEOS_DEPLOYMENT_TARGET = 17.0;
				MARKETING_VERSION = 1.0;
				PRODUCT_BUNDLE_IDENTIFIER = com.nmiyasato.Connector.SampleTests;
				PRODUCT_NAME = "$(TARGET_NAME)";
				SWIFT_EMIT_LOC_STRINGS = NO;
				SWIFT_VERSION = 5.0;
				TARGETED_DEVICE_FAMILY = "1,2";
				TEST_HOST = "$(BUILT_PRODUCTS_DIR)/Sample.app/$(BUNDLE_EXECUTABLE_FOLDER_PATH)/Sample";
			};
			name = Debug;
		};
		03359F8D2AD1AB1D00BE8F06 /* Release */ = {
			isa = XCBuildConfiguration;
			buildSettings = {
				ALWAYS_EMBED_SWIFT_STANDARD_LIBRARIES = YES;
				BUNDLE_LOADER = "$(TEST_HOST)";
				CODE_SIGN_STYLE = Automatic;
				CURRENT_PROJECT_VERSION = 1;
				DEVELOPMENT_TEAM = PLZLTHBVZP;
				GENERATE_INFOPLIST_FILE = YES;
				IPHONEOS_DEPLOYMENT_TARGET = 17.0;
				MARKETING_VERSION = 1.0;
				PRODUCT_BUNDLE_IDENTIFIER = com.nmiyasato.Connector.SampleTests;
				PRODUCT_NAME = "$(TARGET_NAME)";
				SWIFT_EMIT_LOC_STRINGS = NO;
				SWIFT_VERSION = 5.0;
				TARGETED_DEVICE_FAMILY = "1,2";
				TEST_HOST = "$(BUILT_PRODUCTS_DIR)/Sample.app/$(BUNDLE_EXECUTABLE_FOLDER_PATH)/Sample";
			};
			name = Release;
		};
		03359F8F2AD1AB1D00BE8F06 /* Debug */ = {
			isa = XCBuildConfiguration;
			buildSettings = {
				ALWAYS_EMBED_SWIFT_STANDARD_LIBRARIES = YES;
				CODE_SIGN_STYLE = Automatic;
				CURRENT_PROJECT_VERSION = 1;
				DEVELOPMENT_TEAM = PLZLTHBVZP;
				GENERATE_INFOPLIST_FILE = YES;
				MARKETING_VERSION = 1.0;
				PRODUCT_BUNDLE_IDENTIFIER = com.nmiyasato.Connector.SampleUITests;
				PRODUCT_NAME = "$(TARGET_NAME)";
				SWIFT_EMIT_LOC_STRINGS = NO;
				SWIFT_VERSION = 5.0;
				TARGETED_DEVICE_FAMILY = "1,2";
				TEST_TARGET_NAME = Sample;
			};
			name = Debug;
		};
		03359F902AD1AB1D00BE8F06 /* Release */ = {
			isa = XCBuildConfiguration;
			buildSettings = {
				ALWAYS_EMBED_SWIFT_STANDARD_LIBRARIES = YES;
				CODE_SIGN_STYLE = Automatic;
				CURRENT_PROJECT_VERSION = 1;
				DEVELOPMENT_TEAM = PLZLTHBVZP;
				GENERATE_INFOPLIST_FILE = YES;
				MARKETING_VERSION = 1.0;
				PRODUCT_BUNDLE_IDENTIFIER = com.nmiyasato.Connector.SampleUITests;
				PRODUCT_NAME = "$(TARGET_NAME)";
				SWIFT_EMIT_LOC_STRINGS = NO;
				SWIFT_VERSION = 5.0;
				TARGETED_DEVICE_FAMILY = "1,2";
				TEST_TARGET_NAME = Sample;
			};
			name = Release;
		};
/* End XCBuildConfiguration section */

/* Begin XCConfigurationList section */
		03359F5F2AD1AB1A00BE8F06 /* Build configuration list for PBXProject "Sample" */ = {
			isa = XCConfigurationList;
			buildConfigurations = (
				03359F862AD1AB1D00BE8F06 /* Debug */,
				03359F872AD1AB1D00BE8F06 /* Release */,
			);
			defaultConfigurationIsVisible = 0;
			defaultConfigurationName = Release;
		};
		03359F882AD1AB1D00BE8F06 /* Build configuration list for PBXNativeTarget "Sample" */ = {
			isa = XCConfigurationList;
			buildConfigurations = (
				03359F892AD1AB1D00BE8F06 /* Debug */,
				03359F8A2AD1AB1D00BE8F06 /* Release */,
			);
			defaultConfigurationIsVisible = 0;
			defaultConfigurationName = Release;
		};
		03359F8B2AD1AB1D00BE8F06 /* Build configuration list for PBXNativeTarget "SampleTests" */ = {
			isa = XCConfigurationList;
			buildConfigurations = (
				03359F8C2AD1AB1D00BE8F06 /* Debug */,
				03359F8D2AD1AB1D00BE8F06 /* Release */,
			);
			defaultConfigurationIsVisible = 0;
			defaultConfigurationName = Release;
		};
		03359F8E2AD1AB1D00BE8F06 /* Build configuration list for PBXNativeTarget "SampleUITests" */ = {
			isa = XCConfigurationList;
			buildConfigurations = (
				03359F8F2AD1AB1D00BE8F06 /* Debug */,
				03359F902AD1AB1D00BE8F06 /* Release */,
			);
			defaultConfigurationIsVisible = 0;
			defaultConfigurationName = Release;
		};
/* End XCConfigurationList section */

/* Begin XCLocalSwiftPackageReference section */
		0370D5FB2AD36408009A77AB /* XCLocalSwiftPackageReference ".." */ = {
			isa = XCLocalSwiftPackageReference;
			relativePath = ..;
		};
/* End XCLocalSwiftPackageReference section */

/* Begin XCSwiftPackageProductDependency section */
		031C95572AD205640047EE7A /* Connector */ = {
			isa = XCSwiftPackageProductDependency;
			productName = Connector;
		};
		0370D5F92AD20681009A77AB /* Connector */ = {
			isa = XCSwiftPackageProductDependency;
			productName = Connector;
		};
		0370D5FC2AD36408009A77AB /* Connector */ = {
			isa = XCSwiftPackageProductDependency;
			productName = Connector;
		};
/* End XCSwiftPackageProductDependency section */
	};
	rootObject = 03359F5C2AD1AB1A00BE8F06 /* Project object */;
}
